
Microsoft Visual Studio Solution File, Format Version 12.00
# Visual Studio 15
VisualStudioVersion = 15.0.26430.14
MinimumVisualStudioVersion = 10.0.40219.1
Project("{FAE04EC0-301F-11D3-BF4B-00C04F79EFBC}") = "ITI.Orchestrator", "ITI.Orchestrator\ITI.Orchestrator.csproj", "{4B0974D0-A45D-4018-9E8D-CB2B50B8A0A4}"
EndProject
Project("{FAE04EC0-301F-11D3-BF4B-00C04F79EFBC}") = "ITI.Orchestrator.Tests", "ITI.Orchestrator.Tests\ITI.Orchestrator.Tests.csproj", "{52A641AA-97E6-4311-8200-CC837DA85FBA}"
EndProject
Global
	GlobalSection(SolutionConfigurationPlatforms) = preSolution
		Debug|Any CPU = Debug|Any CPU
		Release|Any CPU = Release|Any CPU
	EndGlobalSection
	GlobalSection(ProjectConfigurationPlatforms) = postSolution
		{4B0974D0-A45D-4018-9E8D-CB2B50B8A0A4}.Debug|Any CPU.ActiveCfg = Debug|Any CPU
		{4B0974D0-A45D-4018-9E8D-CB2B50B8A0A4}.Debug|Any CPU.Build.0 = Debug|Any CPU
		{4B0974D0-A45D-4018-9E8D-CB2B50B8A0A4}.Release|Any CPU.ActiveCfg = Release|Any CPU
		{4B0974D0-A45D-4018-9E8D-CB2B50B8A0A4}.Release|Any CPU.Build.0 = Release|Any CPU
		{52A641AA-97E6-4311-8200-CC837DA85FBA}.Debug|Any CPU.ActiveCfg = Debug|Any CPU
		{52A641AA-97E6-4311-8200-CC837DA85FBA}.Debug|Any CPU.Build.0 = Debug|Any CPU
		{52A641AA-97E6-4311-8200-CC837DA85FBA}.Release|Any CPU.ActiveCfg = Release|Any CPU
		{52A641AA-97E6-4311-8200-CC837DA85FBA}.Release|Any CPU.Build.0 = Release|Any CPU
	EndGlobalSection
	GlobalSection(SolutionProperties) = preSolution
		HideSolutionNode = FALSE
	EndGlobalSection
EndGlobal
